<Solution>
  <Configurations>
    <Platform Name="Any CPU" />
    <Platform Name="x64" />
    <Platform Name="x86" />
  </Configurations>
  <Project Path="ResearchEngine.WebUI/ResearchEngine.WebUI.csproj" />
  <Project Path="ResearchEngine.IntegrationTests/ResearchEngine.IntegrationTests.csproj" />
  <Project Path="ResearchEngine.API/ResearchEngine.API.csproj" />
</Solution>
