Microsoft Visual Studio Solution File, Format Version 12.00
# Visual Studio Version 17
VisualStudioVersion = 17.5.2.0
MinimumVisualStudioVersion = 10.0.40219.1
Project("{FAE04EC0-301F-11D3-BF4B-00C04F79EFBC}") = "ResearchApi", "ResearchApi.csproj", "{D371B4AF-06DC-213E-A6C6-20351198D799}"
EndProject
Global
	GlobalSection(SolutionConfigurationPlatforms) = preSolution
		Debug|Any CPU = Debug|Any CPU
		Release|Any CPU = Release|Any CPU
	EndGlobalSection
	GlobalSection(ProjectConfigurationPlatforms) = postSolution
		{D371B4AF-06DC-213E-A6C6-20351198D799}.Debug|Any CPU.ActiveCfg = Debug|Any CPU
		{D371B4AF-06DC-213E-A6C6-20351198D799}.Debug|Any CPU.Build.0 = Debug|Any CPU
		{D371B4AF-06DC-213E-A6C6-20351198D799}.Release|Any CPU.ActiveCfg = Release|Any CPU
		{D371B4AF-06DC-213E-A6C6-20351198D799}.Release|Any CPU.Build.0 = Release|Any CPU
	EndGlobalSection
	GlobalSection(SolutionProperties) = preSolution
		HideSolutionNode = FALSE
	EndGlobalSection
	GlobalSection(ExtensibilityGlobals) = postSolution
		SolutionGuid = {A42F6B3B-A0CF-4148-8529-66F9A69B169E}
	EndGlobalSection
EndGlobal
